
Microsoft Visual Studio Solution File, Format Version 12.00
# Visual Studio 2012
Project("{FAE04EC0-301F-11D3-BF4B-00C04F79EFBC}") = "WebApplication1", "WebApplication1\WebApplication1.csproj", "{07D46EA9-6142-42A0-B06D-586C0B4E5B03}"
EndProject
Global
	GlobalSection(SolutionConfigurationPlatforms) = preSolution
		Debug|Any CPU = Debug|Any CPU
		Release|Any CPU = Release|Any CPU
	EndGlobalSection
	GlobalSection(ProjectConfigurationPlatforms) = postSolution
		{07D46EA9-6142-42A0-B06D-586C0B4E5B03}.Debug|Any CPU.ActiveCfg = Debug|Any CPU
		{07D46EA9-6142-42A0-B06D-586C0B4E5B03}.Debug|Any CPU.Build.0 = Debug|Any CPU
		{07D46EA9-6142-42A0-B06D-586C0B4E5B03}.Release|Any CPU.ActiveCfg = Release|Any CPU
		{07D46EA9-6142-42A0-B06D-586C0B4E5B03}.Release|Any CPU.Build.0 = Release|Any CPU
	EndGlobalSection
	GlobalSection(SolutionProperties) = preSolution
		HideSolutionNode = FALSE
	EndGlobalSection
EndGlobal
